
Microsoft Visual Studio Solution File, Format Version 12.00
# Visual Studio Version 16
VisualStudioVersion = 16.0.30907.101
MinimumVisualStudioVersion = 10.0.40219.1
Project("{FAE04EC0-301F-11D3-BF4B-00C04F79EFBC}") = "NeelabhCoreTools", "NeelabhCoreTools\NeelabhCoreTools.csproj", "{DBE79A27-C873-49DE-9645-4F5203F9ED03}"
EndProject
Global
	GlobalSection(SolutionConfigurationPlatforms) = preSolution
		Debug|Any CPU = Debug|Any CPU
		Release|Any CPU = Release|Any CPU
	EndGlobalSection
	GlobalSection(ProjectConfigurationPlatforms) = postSolution
		{DBE79A27-C873-49DE-9645-4F5203F9ED03}.Debug|Any CPU.ActiveCfg = Debug|Any CPU
		{DBE79A27-C873-49DE-9645-4F5203F9ED03}.Debug|Any CPU.Build.0 = Debug|Any CPU
		{DBE79A27-C873-49DE-9645-4F5203F9ED03}.Release|Any CPU.ActiveCfg = Release|Any CPU
		{DBE79A27-C873-49DE-9645-4F5203F9ED03}.Release|Any CPU.Build.0 = Release|Any CPU
	EndGlobalSection
	GlobalSection(SolutionProperties) = preSolution
		HideSolutionNode = FALSE
	EndGlobalSection
	GlobalSection(ExtensibilityGlobals) = postSolution
		SolutionGuid = {94EB8E4C-3D78-42C0-A224-10B7266604CB}
	EndGlobalSection
EndGlobal
